
Microsoft Visual Studio Solution File, Format Version 12.00
# Visual Studio Version 16
VisualStudioVersion = 16.0.30804.86
MinimumVisualStudioVersion = 10.0.40219.1
Project("{9A19103F-16F7-4668-BE54-9A1E7A4F7556}") = "AdventOfCode", "AdventOfCode.csproj", "{72B39815-3CF2-4E24-9283-FE40B6A7635A}"
EndProject
Global
	GlobalSection(SolutionConfigurationPlatforms) = preSolution
		Debug|Any CPU = Debug|Any CPU
		Release|Any CPU = Release|Any CPU
	EndGlobalSection
	GlobalSection(ProjectConfigurationPlatforms) = postSolution
		{72B39815-3CF2-4E24-9283-FE40B6A7635A}.Debug|Any CPU.ActiveCfg = Debug|Any CPU
		{72B39815-3CF2-4E24-9283-FE40B6A7635A}.Debug|Any CPU.Build.0 = Debug|Any CPU
		{72B39815-3CF2-4E24-9283-FE40B6A7635A}.Release|Any CPU.ActiveCfg = Release|Any CPU
		{72B39815-3CF2-4E24-9283-FE40B6A7635A}.Release|Any CPU.Build.0 = Release|Any CPU
	EndGlobalSection
	GlobalSection(SolutionProperties) = preSolution
		HideSolutionNode = FALSE
	EndGlobalSection
	GlobalSection(ExtensibilityGlobals) = postSolution
		SolutionGuid = {210B4BDE-C1D0-4946-A5A9-CDE76ABF60B4}
	EndGlobalSection
EndGlobal
